# This file is automatically @generated by Poetry 1.4.1 and should not be changed by hand.

[[package]]
name = "beautifulsoup4"
version = "4.12.2"
description = "Screen-scraping library"
category = "main"
optional = false
python-versions = ">=3.6.0"
files = [
    {file = "beautifulsoup4-4.12.2-py3-none-any.whl", hash = "sha256:bd2520ca0d9d7d12694a53d44ac482d181b4ec1888909b035a3dbf40d0f57d4a"},
    {file = "beautifulsoup4-4.12.2.tar.gz", hash = "sha256:492bbc69dca35d12daac71c4db1bfff0c876c00ef4a2ffacce226d4638eb72da"},
]

[package.dependencies]
soupsieve = ">1.2"

[package.extras]
html5lib = ["html5lib"]
lxml = ["lxml"]

[[package]]
name = "chardet"
version = "5.1.0"
description = "Universal encoding detector for Python 3"
category = "main"
optional = false
python-versions = ">=3.7"
files = [
    {file = "chardet-5.1.0-py3-none-any.whl", hash = "sha256:362777fb014af596ad31334fde1e8c327dfdb076e1960d1694662d46a6917ab9"},
    {file = "chardet-5.1.0.tar.gz", hash = "sha256:0d62712b956bc154f85fb0a266e2a3c5913c2967e00348701b32411d6def31e5"},
]

[[package]]
name = "click"
version = "8.1.3"
description = "Composable command line interface toolkit"
category = "main"
optional = false
python-versions = ">=3.7"
files = [
    {file = "click-8.1.3-py3-none-any.whl", hash = "sha256:bb4d8133cb15a609f44e8213d9b391b0809795062913b383c62be0ee95b1db48"},
    {file = "click-8.1.3.tar.gz", hash = "sha256:7682dc8afb30297001674575ea00d1814d808d6a36af415a82bd481d37ba7b8e"},
]

[package.dependencies]
colorama = {version = "*", markers = "platform_system == \"Windows\""}

[[package]]
name = "colorama"
version = "0.4.6"
description = "Cross-platform colored terminal text."
category = "main"
optional = false
python-versions = "!=3.0.*,!=3.1.*,!=3.2.*,!=3.3.*,!=3.4.*,!=3.5.*,!=3.6.*,>=2.7"
files = [
    {file = "colorama-0.4.6-py2.py3-none-any.whl", hash = "sha256:4f1d9991f5acc0ca119f9d443620b77f9d6b33703e51011c16baf57afb285fc6"},
    {file = "colorama-0.4.6.tar.gz", hash = "sha256:08695f5cb7ed6e0531a20572697297273c47b8cae5a63ffc6d6ed5c201be6e44"},
]

[[package]]
name = "construct"
version = "2.8.8"
description = "A powerful declarative parser/builder for binary data"
category = "main"
optional = false
python-versions = "*"
files = [
    {file = "construct-2.8.8.tar.gz", hash = "sha256:1b84b8147f6fd15bcf64b737c3e8ac5100811ad80c830cb4b2545140511c4157"},
]

[[package]]
name = "pymp4"
version = "1.4.0"
description = "Python parser for MP4 boxes"
category = "main"
optional = false
python-versions = ">=3.7,<4.0"
files = [
    {file = "pymp4-1.4.0-py3-none-any.whl", hash = "sha256:3401666c1e2a97ac94dffb18c5a5dcbd46d0a436da5272d378a6f9f6506dd12d"},
    {file = "pymp4-1.4.0.tar.gz", hash = "sha256:bc9e77732a8a143d34c38aa862a54180716246938e4bf3e07585d19252b77bb5"},
]

[package.dependencies]
construct = "2.8.8"

[[package]]
name = "pysrt"
version = "1.1.2"
description = "SubRip (.srt) subtitle parser and writer"
category = "main"
optional = false
python-versions = "*"
files = [
    {file = "pysrt-1.1.2.tar.gz", hash = "sha256:b4f844ba33e4e7743e9db746492f3a193dc0bc112b153914698e7c1cdeb9b0b9"},
]

[package.dependencies]
chardet = "*"

[[package]]
name = "soupsieve"
version = "2.4.1"
description = "A modern CSS selector implementation for Beautiful Soup."
category = "main"
optional = false
python-versions = ">=3.7"
files = [
    {file = "soupsieve-2.4.1-py3-none-any.whl", hash = "sha256:1c1bfee6819544a3447586c889157365a27e10d88cde3ad3da0cf0ddf646feb8"},
    {file = "soupsieve-2.4.1.tar.gz", hash = "sha256:89d12b2d5dfcd2c9e8c22326da9d9aa9cb3dfab0a83a024f05704076ee8d35ea"},
]

[[package]]
name = "tinycss"
version = "0.4"
description = "tinycss is a complete yet simple CSS parser for Python."
category = "main"
optional = false
python-versions = "*"
files = [
    {file = "tinycss-0.4.tar.gz", hash = "sha256:12306fb50e5e9e7eaeef84b802ed877488ba80e35c672867f548c0924a76716e"},
]

[package.extras]
test = ["pytest-cov", "pytest-flake8", "pytest-isort", "pytest-runner"]

[metadata]
lock-version = "2.0"
python-versions = "^3.8"
content-hash = "2da4cdb2db2a9671773e7d752c7c209586988219963033b90ebafff76e663e10"
