# This file is automatically @generated by Poetry 1.8.5 and should not be changed by hand.

[[package]]
name = "beautifulsoup4"
version = "4.13.3"
description = "Screen-scraping library"
optional = false
python-versions = ">=3.7.0"
files = [
    {file = "beautifulsoup4-4.13.3-py3-none-any.whl", hash = "sha256:99045d7d3f08f91f0d656bc9b7efbae189426cd913d830294a15eefa0ea4df16"},
    {file = "beautifulsoup4-4.13.3.tar.gz", hash = "sha256:1bd32405dacc920b42b83ba01644747ed77456a65760e285fbc47633ceddaf8b"},
]

[package.dependencies]
soupsieve = ">1.2"
typing-extensions = ">=4.0.0"

[package.extras]
cchardet = ["cchardet"]
chardet = ["chardet"]
charset-normalizer = ["charset-normalizer"]
html5lib = ["html5lib"]
lxml = ["lxml"]

[[package]]
name = "click"
version = "8.1.8"
description = "Composable command line interface toolkit"
optional = false
python-versions = ">=3.7"
files = [
    {file = "click-8.1.8-py3-none-any.whl", hash = "sha256:63c132bbbed01578a06712a2d1f497bb62d9c1c0d329b7903a866228027263b2"},
    {file = "click-8.1.8.tar.gz", hash = "sha256:ed53c9d8990d83c2a27deae68e4ee337473f6330c040a31d4225c9574d16096a"},
]

[package.dependencies]
colorama = {version = "*", markers = "platform_system == \"Windows\""}

[[package]]
name = "colorama"
version = "0.4.6"
description = "Cross-platform colored terminal text."
optional = false
python-versions = "!=3.0.*,!=3.1.*,!=3.2.*,!=3.3.*,!=3.4.*,!=3.5.*,!=3.6.*,>=2.7"
files = [
    {file = "colorama-0.4.6-py2.py3-none-any.whl", hash = "sha256:4f1d9991f5acc0ca119f9d443620b77f9d6b33703e51011c16baf57afb285fc6"},
    {file = "colorama-0.4.6.tar.gz", hash = "sha256:08695f5cb7ed6e0531a20572697297273c47b8cae5a63ffc6d6ed5c201be6e44"},
]

[[package]]
name = "construct"
version = "2.8.8"
description = "A powerful declarative parser/builder for binary data"
optional = false
python-versions = "*"
files = [
    {file = "construct-2.8.8.tar.gz", hash = "sha256:1b84b8147f6fd15bcf64b737c3e8ac5100811ad80c830cb4b2545140511c4157"},
]

[[package]]
name = "exceptiongroup"
version = "1.2.2"
description = "Backport of PEP 654 (exception groups)"
optional = false
python-versions = ">=3.7"
files = [
    {file = "exceptiongroup-1.2.2-py3-none-any.whl", hash = "sha256:3111b9d131c238bec2f8f516e123e14ba243563fb135d3fe885990585aa7795b"},
    {file = "exceptiongroup-1.2.2.tar.gz", hash = "sha256:47c2edf7c6738fafb49fd34290706d1a1a2f4d1c6df275526b62cbb4aa5393cc"},
]

[package.extras]
test = ["pytest (>=6)"]

[[package]]
name = "iniconfig"
version = "2.0.0"
description = "brain-dead simple config-ini parsing"
optional = false
python-versions = ">=3.7"
files = [
    {file = "iniconfig-2.0.0-py3-none-any.whl", hash = "sha256:b6a85871a79d2e3b22d2d1b94ac2824226a63c6b741c88f7ae975f18b6778374"},
    {file = "iniconfig-2.0.0.tar.gz", hash = "sha256:2d91e135bf72d31a410b17c16da610a82cb55f6b0477d1a902134b24a455b8b3"},
]

[[package]]
name = "langcodes"
version = "3.4.1"
description = "Tools for labeling human languages with IETF language tags"
optional = false
python-versions = ">=3.8"
files = [
    {file = "langcodes-3.4.1-py3-none-any.whl", hash = "sha256:68f686fc3d358f222674ecf697ddcee3ace3c2fe325083ecad2543fd28a20e77"},
    {file = "langcodes-3.4.1.tar.gz", hash = "sha256:a24879fed238013ac3af2424b9d1124e38b4a38b2044fd297c8ff38e5912e718"},
]

[package.dependencies]
language-data = ">=1.2"

[package.extras]
build = ["build", "twine"]
test = ["pytest", "pytest-cov"]

[[package]]
name = "language-data"
version = "1.3.0"
description = "Supplementary data about languages used by the langcodes module"
optional = false
python-versions = "*"
files = [
    {file = "language_data-1.3.0-py3-none-any.whl", hash = "sha256:e2ee943551b5ae5f89cd0e801d1fc3835bb0ef5b7e9c3a4e8e17b2b214548fbf"},
    {file = "language_data-1.3.0.tar.gz", hash = "sha256:7600ef8aa39555145d06c89f0c324bf7dab834ea0b0a439d8243762e3ebad7ec"},
]

[package.dependencies]
marisa-trie = ">=1.1.0"

[package.extras]
build = ["build", "twine"]
test = ["pytest", "pytest-cov"]

[[package]]
name = "lxml"
version = "5.3.1"
description = "Powerful and Pythonic XML processing library combining libxml2/libxslt with the ElementTree API."
optional = false
python-versions = ">=3.6"
files = [
    {file = "lxml-5.3.1-cp310-cp310-macosx_10_9_universal2.whl", hash = "sha256:a4058f16cee694577f7e4dd410263cd0ef75644b43802a689c2b3c2a7e69453b"},
    {file = "lxml-5.3.1-cp310-cp310-macosx_10_9_x86_64.whl", hash = "sha256:364de8f57d6eda0c16dcfb999af902da31396949efa0e583e12675d09709881b"},
    {file = "lxml-5.3.1-cp310-cp310-manylinux_2_12_i686.manylinux2010_i686.manylinux_2_17_i686.manylinux2014_i686.whl", hash = "sha256:528f3a0498a8edc69af0559bdcf8a9f5a8bf7c00051a6ef3141fdcf27017bbf5"},
    {file = "lxml-5.3.1-cp310-cp310-manylinux_2_17_aarch64.manylinux2014_aarch64.whl", hash = "sha256:db4743e30d6f5f92b6d2b7c86b3ad250e0bad8dee4b7ad8a0c44bfb276af89a3"},
    {file = "lxml-5.3.1-cp310-cp310-manylinux_2_17_ppc64le.manylinux2014_ppc64le.whl", hash = "sha256:17b5d7f8acf809465086d498d62a981fa6a56d2718135bb0e4aa48c502055f5c"},
    {file = "lxml-5.3.1-cp310-cp310-manylinux_2_17_s390x.manylinux2014_s390x.whl", hash = "sha256:928e75a7200a4c09e6efc7482a1337919cc61fe1ba289f297827a5b76d8969c2"},
    {file = "lxml-5.3.1-cp310-cp310-manylinux_2_17_x86_64.manylinux2014_x86_64.whl", hash = "sha256:5a997b784a639e05b9d4053ef3b20c7e447ea80814a762f25b8ed5a89d261eac"},
    {file = "lxml-5.3.1-cp310-cp310-manylinux_2_28_aarch64.whl", hash = "sha256:7b82e67c5feb682dbb559c3e6b78355f234943053af61606af126df2183b9ef9"},
    {file = "lxml-5.3.1-cp310-cp310-manylinux_2_28_ppc64le.whl", hash = "sha256:f1de541a9893cf8a1b1db9bf0bf670a2decab42e3e82233d36a74eda7822b4c9"},
    {file = "lxml-5.3.1-cp310-cp310-manylinux_2_28_s390x.whl", hash = "sha256:de1fc314c3ad6bc2f6bd5b5a5b9357b8c6896333d27fdbb7049aea8bd5af2d79"},
    {file = "lxml-5.3.1-cp310-cp310-manylinux_2_28_x86_64.whl", hash = "sha256:7c0536bd9178f754b277a3e53f90f9c9454a3bd108b1531ffff720e082d824f2"},
    {file = "lxml-5.3.1-cp310-cp310-musllinux_1_2_aarch64.whl", hash = "sha256:68018c4c67d7e89951a91fbd371e2e34cd8cfc71f0bb43b5332db38497025d51"},
    {file = "lxml-5.3.1-cp310-cp310-musllinux_1_2_ppc64le.whl", hash = "sha256:aa826340a609d0c954ba52fd831f0fba2a4165659ab0ee1a15e4aac21f302406"},
    {file = "lxml-5.3.1-cp310-cp310-musllinux_1_2_s390x.whl", hash = "sha256:796520afa499732191e39fc95b56a3b07f95256f2d22b1c26e217fb69a9db5b5"},
    {file = "lxml-5.3.1-cp310-cp310-musllinux_1_2_x86_64.whl", hash = "sha256:3effe081b3135237da6e4c4530ff2a868d3f80be0bda027e118a5971285d42d0"},
    {file = "lxml-5.3.1-cp310-cp310-win32.whl", hash = "sha256:a22f66270bd6d0804b02cd49dae2b33d4341015545d17f8426f2c4e22f557a23"},
    {file = "lxml-5.3.1-cp310-cp310-win_amd64.whl", hash = "sha256:0bcfadea3cdc68e678d2b20cb16a16716887dd00a881e16f7d806c2138b8ff0c"},
    {file = "lxml-5.3.1-cp311-cp311-macosx_10_9_universal2.whl", hash = "sha256:e220f7b3e8656ab063d2eb0cd536fafef396829cafe04cb314e734f87649058f"},
    {file = "lxml-5.3.1-cp311-cp311-macosx_10_9_x86_64.whl", hash = "sha256:0f2cfae0688fd01f7056a17367e3b84f37c545fb447d7282cf2c242b16262607"},
    {file = "lxml-5.3.1-cp311-cp311-manylinux_2_12_i686.manylinux2010_i686.manylinux_2_17_i686.manylinux2014_i686.whl", hash = "sha256:67d2f8ad9dcc3a9e826bdc7802ed541a44e124c29b7d95a679eeb58c1c14ade8"},
    {file = "lxml-5.3.1-cp311-cp311-manylinux_2_17_aarch64.manylinux2014_aarch64.whl", hash = "sha256:db0c742aad702fd5d0c6611a73f9602f20aec2007c102630c06d7633d9c8f09a"},
    {file = "lxml-5.3.1-cp311-cp311-manylinux_2_17_ppc64le.manylinux2014_ppc64le.whl", hash = "sha256:198bb4b4dd888e8390afa4f170d4fa28467a7eaf857f1952589f16cfbb67af27"},
    {file = "lxml-5.3.1-cp311-cp311-manylinux_2_17_s390x.manylinux2014_s390x.whl", hash = "sha256:d2a3e412ce1849be34b45922bfef03df32d1410a06d1cdeb793a343c2f1fd666"},
    {file = "lxml-5.3.1-cp311-cp311-manylinux_2_17_x86_64.manylinux2014_x86_64.whl", hash = "sha256:2b8969dbc8d09d9cd2ae06362c3bad27d03f433252601ef658a49bd9f2b22d79"},
    {file = "lxml-5.3.1-cp311-cp311-manylinux_2_28_aarch64.whl", hash = "sha256:5be8f5e4044146a69c96077c7e08f0709c13a314aa5315981185c1f00235fe65"},
    {file = "lxml-5.3.1-cp311-cp311-manylinux_2_28_ppc64le.whl", hash = "sha256:133f3493253a00db2c870d3740bc458ebb7d937bd0a6a4f9328373e0db305709"},
    {file = "lxml-5.3.1-cp311-cp311-manylinux_2_28_s390x.whl", hash = "sha256:52d82b0d436edd6a1d22d94a344b9a58abd6c68c357ed44f22d4ba8179b37629"},
    {file = "lxml-5.3.1-cp311-cp311-manylinux_2_28_x86_64.whl", hash = "sha256:1b6f92e35e2658a5ed51c6634ceb5ddae32053182851d8cad2a5bc102a359b33"},
    {file = "lxml-5.3.1-cp311-cp311-musllinux_1_2_aarch64.whl", hash = "sha256:203b1d3eaebd34277be06a3eb880050f18a4e4d60861efba4fb946e31071a295"},
    {file = "lxml-5.3.1-cp311-cp311-musllinux_1_2_ppc64le.whl", hash = "sha256:155e1a5693cf4b55af652f5c0f78ef36596c7f680ff3ec6eb4d7d85367259b2c"},
    {file = "lxml-5.3.1-cp311-cp311-musllinux_1_2_s390x.whl", hash = "sha256:22ec2b3c191f43ed21f9545e9df94c37c6b49a5af0a874008ddc9132d49a2d9c"},
    {file = "lxml-5.3.1-cp311-cp311-musllinux_1_2_x86_64.whl", hash = "sha256:7eda194dd46e40ec745bf76795a7cccb02a6a41f445ad49d3cf66518b0bd9cff"},
    {file = "lxml-5.3.1-cp311-cp311-win32.whl", hash = "sha256:fb7c61d4be18e930f75948705e9718618862e6fc2ed0d7159b2262be73f167a2"},
    {file = "lxml-5.3.1-cp311-cp311-win_amd64.whl", hash = "sha256:c809eef167bf4a57af4b03007004896f5c60bd38dc3852fcd97a26eae3d4c9e6"},
    {file = "lxml-5.3.1-cp312-cp312-macosx_10_9_universal2.whl", hash = "sha256:e69add9b6b7b08c60d7ff0152c7c9a6c45b4a71a919be5abde6f98f1ea16421c"},
    {file = "lxml-5.3.1-cp312-cp312-macosx_10_9_x86_64.whl", hash = "sha256:4e52e1b148867b01c05e21837586ee307a01e793b94072d7c7b91d2c2da02ffe"},
    {file = "lxml-5.3.1-cp312-cp312-manylinux_2_12_i686.manylinux2010_i686.manylinux_2_17_i686.manylinux2014_i686.whl", hash = "sha256:a4b382e0e636ed54cd278791d93fe2c4f370772743f02bcbe431a160089025c9"},
    {file = "lxml-5.3.1-cp312-cp312-manylinux_2_17_aarch64.manylinux2014_aarch64.whl", hash = "sha256:c2e49dc23a10a1296b04ca9db200c44d3eb32c8d8ec532e8c1fd24792276522a"},
    {file = "lxml-5.3.1-cp312-cp312-manylinux_2_17_ppc64le.manylinux2014_ppc64le.whl", hash = "sha256:4399b4226c4785575fb20998dc571bc48125dc92c367ce2602d0d70e0c455eb0"},
    {file = "lxml-5.3.1-cp312-cp312-manylinux_2_17_s390x.manylinux2014_s390x.whl", hash = "sha256:5412500e0dc5481b1ee9cf6b38bb3b473f6e411eb62b83dc9b62699c3b7b79f7"},
    {file = "lxml-5.3.1-cp312-cp312-manylinux_2_17_x86_64.manylinux2014_x86_64.whl", hash = "sha256:1c93ed3c998ea8472be98fb55aed65b5198740bfceaec07b2eba551e55b7b9ae"},
    {file = "lxml-5.3.1-cp312-cp312-manylinux_2_28_aarch64.whl", hash = "sha256:63d57fc94eb0bbb4735e45517afc21ef262991d8758a8f2f05dd6e4174944519"},
    {file = "lxml-5.3.1-cp312-cp312-manylinux_2_28_ppc64le.whl", hash = "sha256:b450d7cabcd49aa7ab46a3c6aa3ac7e1593600a1a0605ba536ec0f1b99a04322"},
    {file = "lxml-5.3.1-cp312-cp312-manylinux_2_28_s390x.whl", hash = "sha256:4df0ec814b50275ad6a99bc82a38b59f90e10e47714ac9871e1b223895825468"},
    {file = "lxml-5.3.1-cp312-cp312-manylinux_2_28_x86_64.whl", hash = "sha256:d184f85ad2bb1f261eac55cddfcf62a70dee89982c978e92b9a74a1bfef2e367"},
    {file = "lxml-5.3.1-cp312-cp312-musllinux_1_2_aarch64.whl", hash = "sha256:b725e70d15906d24615201e650d5b0388b08a5187a55f119f25874d0103f90dd"},
    {file = "lxml-5.3.1-cp312-cp312-musllinux_1_2_ppc64le.whl", hash = "sha256:a31fa7536ec1fb7155a0cd3a4e3d956c835ad0a43e3610ca32384d01f079ea1c"},
    {file = "lxml-5.3.1-cp312-cp312-musllinux_1_2_s390x.whl", hash = "sha256:3c3c8b55c7fc7b7e8877b9366568cc73d68b82da7fe33d8b98527b73857a225f"},
    {file = "lxml-5.3.1-cp312-cp312-musllinux_1_2_x86_64.whl", hash = "sha256:d61ec60945d694df806a9aec88e8f29a27293c6e424f8ff91c80416e3c617645"},
    {file = "lxml-5.3.1-cp312-cp312-win32.whl", hash = "sha256:f4eac0584cdc3285ef2e74eee1513a6001681fd9753b259e8159421ed28a72e5"},
    {file = "lxml-5.3.1-cp312-cp312-win_amd64.whl", hash = "sha256:29bfc8d3d88e56ea0a27e7c4897b642706840247f59f4377d81be8f32aa0cfbf"},
    {file = "lxml-5.3.1-cp313-cp313-macosx_10_13_universal2.whl", hash = "sha256:c093c7088b40d8266f57ed71d93112bd64c6724d31f0794c1e52cc4857c28e0e"},
    {file = "lxml-5.3.1-cp313-cp313-macosx_10_13_x86_64.whl", hash = "sha256:b0884e3f22d87c30694e625b1e62e6f30d39782c806287450d9dc2fdf07692fd"},
    {file = "lxml-5.3.1-cp313-cp313-manylinux_2_12_i686.manylinux2010_i686.manylinux_2_17_i686.manylinux2014_i686.whl", hash = "sha256:1637fa31ec682cd5760092adfabe86d9b718a75d43e65e211d5931809bc111e7"},
    {file = "lxml-5.3.1-cp313-cp313-manylinux_2_17_aarch64.manylinux2014_aarch64.whl", hash = "sha256:a364e8e944d92dcbf33b6b494d4e0fb3499dcc3bd9485beb701aa4b4201fa414"},
    {file = "lxml-5.3.1-cp313-cp313-manylinux_2_17_ppc64le.manylinux2014_ppc64le.whl", hash = "sha256:779e851fd0e19795ccc8a9bb4d705d6baa0ef475329fe44a13cf1e962f18ff1e"},
    {file = "lxml-5.3.1-cp313-cp313-manylinux_2_17_s390x.manylinux2014_s390x.whl", hash = "sha256:c4393600915c308e546dc7003d74371744234e8444a28622d76fe19b98fa59d1"},
    {file = "lxml-5.3.1-cp313-cp313-manylinux_2_17_x86_64.manylinux2014_x86_64.whl", hash = "sha256:673b9d8e780f455091200bba8534d5f4f465944cbdd61f31dc832d70e29064a5"},
    {file = "lxml-5.3.1-cp313-cp313-manylinux_2_28_aarch64.whl", hash = "sha256:2e4a570f6a99e96c457f7bec5ad459c9c420ee80b99eb04cbfcfe3fc18ec6423"},
    {file = "lxml-5.3.1-cp313-cp313-manylinux_2_28_ppc64le.whl", hash = "sha256:71f31eda4e370f46af42fc9f264fafa1b09f46ba07bdbee98f25689a04b81c20"},
    {file = "lxml-5.3.1-cp313-cp313-manylinux_2_28_s390x.whl", hash = "sha256:42978a68d3825eaac55399eb37a4d52012a205c0c6262199b8b44fcc6fd686e8"},
    {file = "lxml-5.3.1-cp313-cp313-manylinux_2_28_x86_64.whl", hash = "sha256:8b1942b3e4ed9ed551ed3083a2e6e0772de1e5e3aca872d955e2e86385fb7ff9"},
    {file = "lxml-5.3.1-cp313-cp313-musllinux_1_2_aarch64.whl", hash = "sha256:85c4f11be9cf08917ac2a5a8b6e1ef63b2f8e3799cec194417e76826e5f1de9c"},
    {file = "lxml-5.3.1-cp313-cp313-musllinux_1_2_ppc64le.whl", hash = "sha256:231cf4d140b22a923b1d0a0a4e0b4f972e5893efcdec188934cc65888fd0227b"},
    {file = "lxml-5.3.1-cp313-cp313-musllinux_1_2_s390x.whl", hash = "sha256:5865b270b420eda7b68928d70bb517ccbe045e53b1a428129bb44372bf3d7dd5"},
    {file = "lxml-5.3.1-cp313-cp313-musllinux_1_2_x86_64.whl", hash = "sha256:dbf7bebc2275016cddf3c997bf8a0f7044160714c64a9b83975670a04e6d2252"},
    {file = "lxml-5.3.1-cp313-cp313-win32.whl", hash = "sha256:d0751528b97d2b19a388b302be2a0ee05817097bab46ff0ed76feeec24951f78"},
    {file = "lxml-5.3.1-cp313-cp313-win_amd64.whl", hash = "sha256:91fb6a43d72b4f8863d21f347a9163eecbf36e76e2f51068d59cd004c506f332"},
    {file = "lxml-5.3.1-cp36-cp36m-macosx_10_9_x86_64.whl", hash = "sha256:016b96c58e9a4528219bb563acf1aaaa8bc5452e7651004894a973f03b84ba81"},
    {file = "lxml-5.3.1-cp36-cp36m-manylinux_2_12_i686.manylinux2010_i686.manylinux_2_17_i686.manylinux2014_i686.whl", hash = "sha256:82a4bb10b0beef1434fb23a09f001ab5ca87895596b4581fd53f1e5145a8934a"},
    {file = "lxml-5.3.1-cp36-cp36m-manylinux_2_17_x86_64.manylinux2014_x86_64.whl", hash = "sha256:3d68eeef7b4d08a25e51897dac29bcb62aba830e9ac6c4e3297ee7c6a0cf6439"},
    {file = "lxml-5.3.1-cp36-cp36m-manylinux_2_28_x86_64.whl", hash = "sha256:f12582b8d3b4c6be1d298c49cb7ae64a3a73efaf4c2ab4e37db182e3545815ac"},
    {file = "lxml-5.3.1-cp36-cp36m-manylinux_2_5_x86_64.manylinux1_x86_64.whl", hash = "sha256:2df7ed5edeb6bd5590914cd61df76eb6cce9d590ed04ec7c183cf5509f73530d"},
    {file = "lxml-5.3.1-cp36-cp36m-musllinux_1_2_x86_64.whl", hash = "sha256:585c4dc429deebc4307187d2b71ebe914843185ae16a4d582ee030e6cfbb4d8a"},
    {file = "lxml-5.3.1-cp36-cp36m-win32.whl", hash = "sha256:06a20d607a86fccab2fc15a77aa445f2bdef7b49ec0520a842c5c5afd8381576"},
    {file = "lxml-5.3.1-cp36-cp36m-win_amd64.whl", hash = "sha256:057e30d0012439bc54ca427a83d458752ccda725c1c161cc283db07bcad43cf9"},
    {file = "lxml-5.3.1-cp37-cp37m-macosx_10_9_x86_64.whl", hash = "sha256:4867361c049761a56bd21de507cab2c2a608c55102311d142ade7dab67b34f32"},
    {file = "lxml-5.3.1-cp37-cp37m-manylinux_2_12_i686.manylinux2010_i686.manylinux_2_17_i686.manylinux2014_i686.whl", hash = "sha256:3dddf0fb832486cc1ea71d189cb92eb887826e8deebe128884e15020bb6e3f61"},
    {file = "lxml-5.3.1-cp37-cp37m-manylinux_2_17_aarch64.manylinux2014_aarch64.whl", hash = "sha256:1bcc211542f7af6f2dfb705f5f8b74e865592778e6cafdfd19c792c244ccce19"},
    {file = "lxml-5.3.1-cp37-cp37m-manylinux_2_17_x86_64.manylinux2014_x86_64.whl", hash = "sha256:aaca5a812f050ab55426c32177091130b1e49329b3f002a32934cd0245571307"},
    {file = "lxml-5.3.1-cp37-cp37m-manylinux_2_28_aarch64.whl", hash = "sha256:236610b77589faf462337b3305a1be91756c8abc5a45ff7ca8f245a71c5dab70"},
    {file = "lxml-5.3.1-cp37-cp37m-manylinux_2_28_x86_64.whl", hash = "sha256:aed57b541b589fa05ac248f4cb1c46cbb432ab82cbd467d1c4f6a2bdc18aecf9"},
    {file = "lxml-5.3.1-cp37-cp37m-musllinux_1_2_aarch64.whl", hash = "sha256:75fa3d6946d317ffc7016a6fcc44f42db6d514b7fdb8b4b28cbe058303cb6e53"},
    {file = "lxml-5.3.1-cp37-cp37m-musllinux_1_2_x86_64.whl", hash = "sha256:96eef5b9f336f623ffc555ab47a775495e7e8846dde88de5f941e2906453a1ce"},
    {file = "lxml-5.3.1-cp37-cp37m-win32.whl", hash = "sha256:ef45f31aec9be01379fc6c10f1d9c677f032f2bac9383c827d44f620e8a88407"},
    {file = "lxml-5.3.1-cp37-cp37m-win_amd64.whl", hash = "sha256:a0611da6b07dd3720f492db1b463a4d1175b096b49438761cc9f35f0d9eaaef5"},
    {file = "lxml-5.3.1-cp38-cp38-macosx_10_9_x86_64.whl", hash = "sha256:b2aca14c235c7a08558fe0a4786a1a05873a01e86b474dfa8f6df49101853a4e"},
    {file = "lxml-5.3.1-cp38-cp38-manylinux_2_12_i686.manylinux2010_i686.manylinux_2_17_i686.manylinux2014_i686.whl", hash = "sha256:ae82fce1d964f065c32c9517309f0c7be588772352d2f40b1574a214bd6e6098"},
    {file = "lxml-5.3.1-cp38-cp38-manylinux_2_17_aarch64.manylinux2014_aarch64.whl", hash = "sha256:7aae7a3d63b935babfdc6864b31196afd5145878ddd22f5200729006366bc4d5"},
    {file = "lxml-5.3.1-cp38-cp38-manylinux_2_17_x86_64.manylinux2014_x86_64.whl", hash = "sha256:e8e0d177b1fe251c3b1b914ab64135475c5273c8cfd2857964b2e3bb0fe196a7"},
    {file = "lxml-5.3.1-cp38-cp38-manylinux_2_28_aarch64.whl", hash = "sha256:6c4dd3bfd0c82400060896717dd261137398edb7e524527438c54a8c34f736bf"},
    {file = "lxml-5.3.1-cp38-cp38-manylinux_2_28_x86_64.whl", hash = "sha256:f1208c1c67ec9e151d78aa3435aa9b08a488b53d9cfac9b699f15255a3461ef2"},
    {file = "lxml-5.3.1-cp38-cp38-musllinux_1_2_aarch64.whl", hash = "sha256:c6aacf00d05b38a5069826e50ae72751cb5bc27bdc4d5746203988e429b385bb"},
    {file = "lxml-5.3.1-cp38-cp38-musllinux_1_2_x86_64.whl", hash = "sha256:5881aaa4bf3a2d086c5f20371d3a5856199a0d8ac72dd8d0dbd7a2ecfc26ab73"},
    {file = "lxml-5.3.1-cp38-cp38-win32.whl", hash = "sha256:45fbb70ccbc8683f2fb58bea89498a7274af1d9ec7995e9f4af5604e028233fc"},
    {file = "lxml-5.3.1-cp38-cp38-win_amd64.whl", hash = "sha256:7512b4d0fc5339d5abbb14d1843f70499cab90d0b864f790e73f780f041615d7"},
    {file = "lxml-5.3.1-cp39-cp39-macosx_10_9_universal2.whl", hash = "sha256:5885bc586f1edb48e5d68e7a4b4757b5feb2a496b64f462b4d65950f5af3364f"},
    {file = "lxml-5.3.1-cp39-cp39-macosx_10_9_x86_64.whl", hash = "sha256:1b92fe86e04f680b848fff594a908edfa72b31bfc3499ef7433790c11d4c8cd8"},
    {file = "lxml-5.3.1-cp39-cp39-manylinux_2_12_i686.manylinux2010_i686.manylinux_2_17_i686.manylinux2014_i686.whl", hash = "sha256:a091026c3bf7519ab1e64655a3f52a59ad4a4e019a6f830c24d6430695b1cf6a"},
    {file = "lxml-5.3.1-cp39-cp39-manylinux_2_17_aarch64.manylinux2014_aarch64.whl", hash = "sha256:8ffb141361108e864ab5f1813f66e4e1164181227f9b1f105b042729b6c15125"},
    {file = "lxml-5.3.1-cp39-cp39-manylinux_2_17_ppc64le.manylinux2014_ppc64le.whl", hash = "sha256:3715cdf0dd31b836433af9ee9197af10e3df41d273c19bb249230043667a5dfd"},
    {file = "lxml-5.3.1-cp39-cp39-manylinux_2_17_s390x.manylinux2014_s390x.whl", hash = "sha256:88b72eb7222d918c967202024812c2bfb4048deeb69ca328363fb8e15254c549"},
    {file = "lxml-5.3.1-cp39-cp39-manylinux_2_17_x86_64.manylinux2014_x86_64.whl", hash = "sha256:aa59974880ab5ad8ef3afaa26f9bda148c5f39e06b11a8ada4660ecc9fb2feb3"},
    {file = "lxml-5.3.1-cp39-cp39-manylinux_2_28_aarch64.whl", hash = "sha256:3bb8149840daf2c3f97cebf00e4ed4a65a0baff888bf2605a8d0135ff5cf764e"},
    {file = "lxml-5.3.1-cp39-cp39-manylinux_2_28_ppc64le.whl", hash = "sha256:0d6b2fa86becfa81f0a0271ccb9eb127ad45fb597733a77b92e8a35e53414914"},
    {file = "lxml-5.3.1-cp39-cp39-manylinux_2_28_s390x.whl", hash = "sha256:136bf638d92848a939fd8f0e06fcf92d9f2e4b57969d94faae27c55f3d85c05b"},
    {file = "lxml-5.3.1-cp39-cp39-manylinux_2_28_x86_64.whl", hash = "sha256:89934f9f791566e54c1d92cdc8f8fd0009447a5ecdb1ec6b810d5f8c4955f6be"},
    {file = "lxml-5.3.1-cp39-cp39-musllinux_1_2_aarch64.whl", hash = "sha256:a8ade0363f776f87f982572c2860cc43c65ace208db49c76df0a21dde4ddd16e"},
    {file = "lxml-5.3.1-cp39-cp39-musllinux_1_2_ppc64le.whl", hash = "sha256:bfbbab9316330cf81656fed435311386610f78b6c93cc5db4bebbce8dd146675"},
    {file = "lxml-5.3.1-cp39-cp39-musllinux_1_2_s390x.whl", hash = "sha256:172d65f7c72a35a6879217bcdb4bb11bc88d55fb4879e7569f55616062d387c2"},
    {file = "lxml-5.3.1-cp39-cp39-musllinux_1_2_x86_64.whl", hash = "sha256:e3c623923967f3e5961d272718655946e5322b8d058e094764180cdee7bab1af"},
    {file = "lxml-5.3.1-cp39-cp39-win32.whl", hash = "sha256:ce0930a963ff593e8bb6fda49a503911accc67dee7e5445eec972668e672a0f0"},
    {file = "lxml-5.3.1-cp39-cp39-win_amd64.whl", hash = "sha256:f7b64fcd670bca8800bc10ced36620c6bbb321e7bc1214b9c0c0df269c1dddc2"},
    {file = "lxml-5.3.1-pp310-pypy310_pp73-macosx_10_15_x86_64.whl", hash = "sha256:afa578b6524ff85fb365f454cf61683771d0170470c48ad9d170c48075f86725"},
    {file = "lxml-5.3.1-pp310-pypy310_pp73-manylinux_2_17_aarch64.manylinux2014_aarch64.whl", hash = "sha256:67f5e80adf0aafc7b5454f2c1cb0cde920c9b1f2cbd0485f07cc1d0497c35c5d"},
    {file = "lxml-5.3.1-pp310-pypy310_pp73-manylinux_2_17_x86_64.manylinux2014_x86_64.whl", hash = "sha256:2dd0b80ac2d8f13ffc906123a6f20b459cb50a99222d0da492360512f3e50f84"},
    {file = "lxml-5.3.1-pp310-pypy310_pp73-manylinux_2_28_aarch64.whl", hash = "sha256:422c179022ecdedbe58b0e242607198580804253da220e9454ffe848daa1cfd2"},
    {file = "lxml-5.3.1-pp310-pypy310_pp73-manylinux_2_28_x86_64.whl", hash = "sha256:524ccfded8989a6595dbdda80d779fb977dbc9a7bc458864fc9a0c2fc15dc877"},
    {file = "lxml-5.3.1-pp310-pypy310_pp73-win_amd64.whl", hash = "sha256:48fd46bf7155def2e15287c6f2b133a2f78e2d22cdf55647269977b873c65499"},
    {file = "lxml-5.3.1-pp37-pypy37_pp73-macosx_10_9_x86_64.whl", hash = "sha256:05123fad495a429f123307ac6d8fd6f977b71e9a0b6d9aeeb8f80c017cb17131"},
    {file = "lxml-5.3.1-pp37-pypy37_pp73-manylinux_2_17_aarch64.manylinux2014_aarch64.whl", hash = "sha256:a243132767150a44e6a93cd1dde41010036e1cbc63cc3e9fe1712b277d926ce3"},
    {file = "lxml-5.3.1-pp37-pypy37_pp73-manylinux_2_17_x86_64.manylinux2014_x86_64.whl", hash = "sha256:c92ea6d9dd84a750b2bae72ff5e8cf5fdd13e58dda79c33e057862c29a8d5b50"},
    {file = "lxml-5.3.1-pp37-pypy37_pp73-manylinux_2_28_aarch64.whl", hash = "sha256:2f1be45d4c15f237209bbf123a0e05b5d630c8717c42f59f31ea9eae2ad89394"},
    {file = "lxml-5.3.1-pp37-pypy37_pp73-manylinux_2_28_x86_64.whl", hash = "sha256:a83d3adea1e0ee36dac34627f78ddd7f093bb9cfc0a8e97f1572a949b695cb98"},
    {file = "lxml-5.3.1-pp37-pypy37_pp73-win_amd64.whl", hash = "sha256:3edbb9c9130bac05d8c3fe150c51c337a471cc7fdb6d2a0a7d3a88e88a829314"},
    {file = "lxml-5.3.1-pp38-pypy38_pp73-macosx_10_9_x86_64.whl", hash = "sha256:2f23cf50eccb3255b6e913188291af0150d89dab44137a69e14e4dcb7be981f1"},
    {file = "lxml-5.3.1-pp38-pypy38_pp73-manylinux_2_17_aarch64.manylinux2014_aarch64.whl", hash = "sha256:df7e5edac4778127f2bf452e0721a58a1cfa4d1d9eac63bdd650535eb8543615"},
    {file = "lxml-5.3.1-pp38-pypy38_pp73-manylinux_2_17_x86_64.manylinux2014_x86_64.whl", hash = "sha256:094b28ed8a8a072b9e9e2113a81fda668d2053f2ca9f2d202c2c8c7c2d6516b1"},
    {file = "lxml-5.3.1-pp38-pypy38_pp73-manylinux_2_28_aarch64.whl", hash = "sha256:514fe78fc4b87e7a7601c92492210b20a1b0c6ab20e71e81307d9c2e377c64de"},
    {file = "lxml-5.3.1-pp38-pypy38_pp73-manylinux_2_28_x86_64.whl", hash = "sha256:8fffc08de02071c37865a155e5ea5fce0282e1546fd5bde7f6149fcaa32558ac"},
    {file = "lxml-5.3.1-pp38-pypy38_pp73-win_amd64.whl", hash = "sha256:4b0d5cdba1b655d5b18042ac9c9ff50bda33568eb80feaaca4fc237b9c4fbfde"},
    {file = "lxml-5.3.1-pp39-pypy39_pp73-macosx_10_15_x86_64.whl", hash = "sha256:3031e4c16b59424e8d78522c69b062d301d951dc55ad8685736c3335a97fc270"},
    {file = "lxml-5.3.1-pp39-pypy39_pp73-manylinux_2_17_aarch64.manylinux2014_aarch64.whl", hash = "sha256:cb659702a45136c743bc130760c6f137870d4df3a9e14386478b8a0511abcfca"},
    {file = "lxml-5.3.1-pp39-pypy39_pp73-manylinux_2_17_x86_64.manylinux2014_x86_64.whl", hash = "sha256:5a11b16a33656ffc43c92a5343a28dc71eefe460bcc2a4923a96f292692709f6"},
    {file = "lxml-5.3.1-pp39-pypy39_pp73-manylinux_2_28_aarch64.whl", hash = "sha256:c5ae125276f254b01daa73e2c103363d3e99e3e10505686ac7d9d2442dd4627a"},
    {file = "lxml-5.3.1-pp39-pypy39_pp73-manylinux_2_28_x86_64.whl", hash = "sha256:c76722b5ed4a31ba103e0dc77ab869222ec36efe1a614e42e9bcea88a36186fe"},
    {file = "lxml-5.3.1-pp39-pypy39_pp73-win_amd64.whl", hash = "sha256:33e06717c00c788ab4e79bc4726ecc50c54b9bfb55355eae21473c145d83c2d2"},
    {file = "lxml-5.3.1.tar.gz", hash = "sha256:106b7b5d2977b339f1e97efe2778e2ab20e99994cbb0ec5e55771ed0795920c8"},
]

[package.extras]
cssselect = ["cssselect (>=0.7)"]
html-clean = ["lxml_html_clean"]
html5 = ["html5lib"]
htmlsoup = ["BeautifulSoup4"]
source = ["Cython (>=3.0.11,<3.1.0)"]

[[package]]
name = "lxml-stubs"
version = "0.4.0"
description = "Type annotations for the lxml package"
optional = false
python-versions = "*"
files = [
    {file = "lxml-stubs-0.4.0.tar.gz", hash = "sha256:184877b42127256abc2b932ba8bd0ab5ea80bd0b0fee618d16daa40e0b71abee"},
    {file = "lxml_stubs-0.4.0-py3-none-any.whl", hash = "sha256:3b381e9e82397c64ea3cc4d6f79d1255d015f7b114806d4826218805c10ec003"},
]

[package.extras]
test = ["coverage[toml] (==5.2)", "pytest (>=6.0.0)", "pytest-mypy-plugins (==1.9.3)"]

[[package]]
name = "marisa-trie"
version = "1.2.1"
description = "Static memory-efficient and fast Trie-like structures for Python."
optional = false
python-versions = ">=3.7"
files = [
    {file = "marisa_trie-1.2.1-cp310-cp310-macosx_10_9_universal2.whl", hash = "sha256:a2eb41d2f9114d8b7bd66772c237111e00d2bae2260824560eaa0a1e291ce9e8"},
    {file = "marisa_trie-1.2.1-cp310-cp310-macosx_10_9_x86_64.whl", hash = "sha256:9e956e6a46f604b17d570901e66f5214fb6f658c21e5e7665deace236793cef6"},
    {file = "marisa_trie-1.2.1-cp310-cp310-macosx_11_0_arm64.whl", hash = "sha256:bd45142501300e7538b2e544905580918b67b1c82abed1275fe4c682c95635fa"},
    {file = "marisa_trie-1.2.1-cp310-cp310-manylinux_2_17_aarch64.manylinux2014_aarch64.whl", hash = "sha256:a8443d116c612cfd1961fbf76769faf0561a46d8e317315dd13f9d9639ad500c"},
    {file = "marisa_trie-1.2.1-cp310-cp310-manylinux_2_17_x86_64.manylinux2014_x86_64.whl", hash = "sha256:875a6248e60fbb48d947b574ffa4170f34981f9e579bde960d0f9a49ea393ecc"},
    {file = "marisa_trie-1.2.1-cp310-cp310-manylinux_2_5_i686.manylinux1_i686.manylinux_2_17_i686.manylinux2014_i686.whl", hash = "sha256:746a7c60a17fccd3cfcfd4326926f02ea4fcdfc25d513411a0c4fc8e4a1ca51f"},
    {file = "marisa_trie-1.2.1-cp310-cp310-musllinux_1_2_aarch64.whl", hash = "sha256:e70869737cc0e5bd903f620667da6c330d6737048d1f44db792a6af68a1d35be"},
    {file = "marisa_trie-1.2.1-cp310-cp310-musllinux_1_2_i686.whl", hash = "sha256:06b099dd743676dbcd8abd8465ceac8f6d97d8bfaabe2c83b965495523b4cef2"},
    {file = "marisa_trie-1.2.1-cp310-cp310-musllinux_1_2_x86_64.whl", hash = "sha256:d2a82eb21afdaf22b50d9b996472305c05ca67fc4ff5a026a220320c9c961db6"},
    {file = "marisa_trie-1.2.1-cp310-cp310-win32.whl", hash = "sha256:8951e7ce5d3167fbd085703b4cbb3f47948ed66826bef9a2173c379508776cf5"},
    {file = "marisa_trie-1.2.1-cp310-cp310-win_amd64.whl", hash = "sha256:5685a14b3099b1422c4f59fa38b0bf4b5342ee6cc38ae57df9666a0b28eeaad3"},
    {file = "marisa_trie-1.2.1-cp311-cp311-macosx_10_9_universal2.whl", hash = "sha256:ed3fb4ed7f2084597e862bcd56c56c5529e773729a426c083238682dba540e98"},
    {file = "marisa_trie-1.2.1-cp311-cp311-macosx_10_9_x86_64.whl", hash = "sha256:0fe69fb9ffb2767746181f7b3b29bbd3454d1d24717b5958e030494f3d3cddf3"},
    {file = "marisa_trie-1.2.1-cp311-cp311-macosx_11_0_arm64.whl", hash = "sha256:4728ed3ae372d1ea2cdbd5eaa27b8f20a10e415d1f9d153314831e67d963f281"},
    {file = "marisa_trie-1.2.1-cp311-cp311-manylinux_2_17_aarch64.manylinux2014_aarch64.whl", hash = "sha256:8cf4f25cf895692b232f49aa5397af6aba78bb679fb917a05fce8d3cb1ee446d"},
    {file = "marisa_trie-1.2.1-cp311-cp311-manylinux_2_17_x86_64.manylinux2014_x86_64.whl", hash = "sha256:7cca7f96236ffdbf49be4b2e42c132e3df05968ac424544034767650913524de"},
    {file = "marisa_trie-1.2.1-cp311-cp311-manylinux_2_5_i686.manylinux1_i686.manylinux_2_17_i686.manylinux2014_i686.whl", hash = "sha256:d7eb20bf0e8b55a58d2a9b518aabc4c18278787bdba476c551dd1c1ed109e509"},
    {file = "marisa_trie-1.2.1-cp311-cp311-musllinux_1_2_aarch64.whl", hash = "sha256:b1ec93f0d1ee6d7ab680a6d8ea1a08bf264636358e92692072170032dda652ba"},
    {file = "marisa_trie-1.2.1-cp311-cp311-musllinux_1_2_i686.whl", hash = "sha256:e2699255d7ac610dee26d4ae7bda5951d05c7d9123a22e1f7c6a6f1964e0a4e4"},
    {file = "marisa_trie-1.2.1-cp311-cp311-musllinux_1_2_x86_64.whl", hash = "sha256:c484410911182457a8a1a0249d0c09c01e2071b78a0a8538cd5f7fa45589b13a"},
    {file = "marisa_trie-1.2.1-cp311-cp311-win32.whl", hash = "sha256:ad548117744b2bcf0e3d97374608be0a92d18c2af13d98b728d37cd06248e571"},
    {file = "marisa_trie-1.2.1-cp311-cp311-win_amd64.whl", hash = "sha256:436f62d27714970b9cdd3b3c41bdad046f260e62ebb0daa38125ef70536fc73b"},
    {file = "marisa_trie-1.2.1-cp312-cp312-macosx_10_13_universal2.whl", hash = "sha256:638506eacf20ca503fff72221a7e66a6eadbf28d6a4a6f949fcf5b1701bb05ec"},
    {file = "marisa_trie-1.2.1-cp312-cp312-macosx_10_13_x86_64.whl", hash = "sha256:de1665eaafefa48a308e4753786519888021740501a15461c77bdfd57638e6b4"},
    {file = "marisa_trie-1.2.1-cp312-cp312-macosx_11_0_arm64.whl", hash = "sha256:f713af9b8aa66a34cd3a78c7d150a560a75734713abe818a69021fd269e927fa"},
    {file = "marisa_trie-1.2.1-cp312-cp312-manylinux_2_17_aarch64.manylinux2014_aarch64.whl", hash = "sha256:b2a7d00f53f4945320b551bccb826b3fb26948bde1a10d50bb9802fabb611b10"},
    {file = "marisa_trie-1.2.1-cp312-cp312-manylinux_2_17_x86_64.manylinux2014_x86_64.whl", hash = "sha256:98042040d1d6085792e8d0f74004fc0f5f9ca6091c298f593dd81a22a4643854"},
    {file = "marisa_trie-1.2.1-cp312-cp312-manylinux_2_5_i686.manylinux1_i686.manylinux_2_17_i686.manylinux2014_i686.whl", hash = "sha256:6532615111eec2c79e711965ece0bc95adac1ff547a7fff5ffca525463116deb"},
    {file = "marisa_trie-1.2.1-cp312-cp312-musllinux_1_2_aarch64.whl", hash = "sha256:20948e40ab2038e62b7000ca6b4a913bc16c91a2c2e6da501bd1f917eeb28d51"},
    {file = "marisa_trie-1.2.1-cp312-cp312-musllinux_1_2_i686.whl", hash = "sha256:66b23e5b35dd547f85bf98db7c749bc0ffc57916ade2534a6bbc32db9a4abc44"},
    {file = "marisa_trie-1.2.1-cp312-cp312-musllinux_1_2_x86_64.whl", hash = "sha256:6704adf0247d2dda42e876b793be40775dff46624309ad99bc7537098bee106d"},
    {file = "marisa_trie-1.2.1-cp312-cp312-win32.whl", hash = "sha256:3ad356442c2fea4c2a6f514738ddf213d23930f942299a2b2c05df464a00848a"},
    {file = "marisa_trie-1.2.1-cp312-cp312-win_amd64.whl", hash = "sha256:f2806f75817392cedcacb24ac5d80b0350dde8d3861d67d045c1d9b109764114"},
    {file = "marisa_trie-1.2.1-cp313-cp313-macosx_10_13_universal2.whl", hash = "sha256:b5ea16e69bfda0ac028c921b58de1a4aaf83d43934892977368579cd3c0a2554"},
    {file = "marisa_trie-1.2.1-cp313-cp313-macosx_10_13_x86_64.whl", hash = "sha256:9f627f4e41be710b6cb6ed54b0128b229ac9d50e2054d9cde3af0fef277c23cf"},
    {file = "marisa_trie-1.2.1-cp313-cp313-macosx_11_0_arm64.whl", hash = "sha256:5e649f3dc8ab5476732094f2828cc90cac3be7c79bc0c8318b6fda0c1d248db4"},
    {file = "marisa_trie-1.2.1-cp313-cp313-manylinux_2_17_aarch64.manylinux2014_aarch64.whl", hash = "sha256:46e528ee71808c961baf8c3ce1c46a8337ec7a96cc55389d11baafe5b632f8e9"},
    {file = "marisa_trie-1.2.1-cp313-cp313-manylinux_2_17_x86_64.manylinux2014_x86_64.whl", hash = "sha256:36aa4401a1180615f74d575571a6550081d84fc6461e9aefc0bb7b2427af098e"},
    {file = "marisa_trie-1.2.1-cp313-cp313-manylinux_2_5_i686.manylinux1_i686.manylinux_2_17_i686.manylinux2014_i686.whl", hash = "sha256:ce59bcd2cda9bb52b0e90cc7f36413cd86c3d0ce7224143447424aafb9f4aa48"},
    {file = "marisa_trie-1.2.1-cp313-cp313-musllinux_1_2_aarch64.whl", hash = "sha256:f4cd800704a5fc57e53c39c3a6b0c9b1519ebdbcb644ede3ee67a06eb542697d"},
    {file = "marisa_trie-1.2.1-cp313-cp313-musllinux_1_2_i686.whl", hash = "sha256:2428b495003c189695fb91ceeb499f9fcced3a2dce853e17fa475519433c67ff"},
    {file = "marisa_trie-1.2.1-cp313-cp313-musllinux_1_2_x86_64.whl", hash = "sha256:735c363d9aaac82eaf516a28f7c6b95084c2e176d8231c87328dc80e112a9afa"},
    {file = "marisa_trie-1.2.1-cp313-cp313-win32.whl", hash = "sha256:eba6ca45500ca1a042466a0684aacc9838e7f20fe2605521ee19f2853062798f"},
    {file = "marisa_trie-1.2.1-cp313-cp313-win_amd64.whl", hash = "sha256:aa7cd17e1c690ce96c538b2f4aae003d9a498e65067dd433c52dd069009951d4"},
    {file = "marisa_trie-1.2.1-cp37-cp37m-macosx_10_9_x86_64.whl", hash = "sha256:5e43891a37b0d7f618819fea14bd951289a0a8e3dd0da50c596139ca83ebb9b1"},
    {file = "marisa_trie-1.2.1-cp37-cp37m-manylinux_2_17_aarch64.manylinux2014_aarch64.whl", hash = "sha256:6946100a43f933fad6bc458c502a59926d80b321d5ac1ed2ff9c56605360496f"},
    {file = "marisa_trie-1.2.1-cp37-cp37m-manylinux_2_17_x86_64.manylinux2014_x86_64.whl", hash = "sha256:a4177dc0bd1374e82be9b2ba4d0c2733b0a85b9d154ceeea83a5bee8c1e62fbf"},
    {file = "marisa_trie-1.2.1-cp37-cp37m-manylinux_2_5_i686.manylinux1_i686.manylinux_2_17_i686.manylinux2014_i686.whl", hash = "sha256:f35c2603a6be168088ed1db6ad1704b078aa8f39974c60888fbbced95dcadad4"},
    {file = "marisa_trie-1.2.1-cp37-cp37m-musllinux_1_2_aarch64.whl", hash = "sha256:d659fda873d8dcb2c14c2c331de1dee21f5a902d7f2de7978b62c6431a8850ef"},
    {file = "marisa_trie-1.2.1-cp37-cp37m-musllinux_1_2_i686.whl", hash = "sha256:b0ef26733d3c836be79e812071e1a431ce1f807955a27a981ebb7993d95f842b"},
    {file = "marisa_trie-1.2.1-cp37-cp37m-musllinux_1_2_x86_64.whl", hash = "sha256:536ea19ce6a2ce61c57fed4123ecd10d18d77a0db45cd2741afff2b8b68f15b3"},
    {file = "marisa_trie-1.2.1-cp37-cp37m-win32.whl", hash = "sha256:0ee6cf6a16d9c3d1c94e21c8e63c93d8b34bede170ca4e937e16e1c0700d399f"},
    {file = "marisa_trie-1.2.1-cp37-cp37m-win_amd64.whl", hash = "sha256:7e7b1786e852e014d03e5f32dbd991f9a9eb223dd3fa9a2564108b807e4b7e1c"},
    {file = "marisa_trie-1.2.1-cp38-cp38-macosx_10_9_universal2.whl", hash = "sha256:952af3a5859c3b20b15a00748c36e9eb8316eb2c70bd353ae1646da216322908"},
    {file = "marisa_trie-1.2.1-cp38-cp38-macosx_10_9_x86_64.whl", hash = "sha256:24a81aa7566e4ec96fc4d934581fe26d62eac47fc02b35fa443a0bb718b471e8"},
    {file = "marisa_trie-1.2.1-cp38-cp38-macosx_11_0_arm64.whl", hash = "sha256:9c9b32b14651a6dcf9e8857d2df5d29d322a1ea8c0be5c8ffb88f9841c4ec62b"},
    {file = "marisa_trie-1.2.1-cp38-cp38-manylinux_2_17_aarch64.manylinux2014_aarch64.whl", hash = "sha256:7ac170d20b97beb75059ba65d1ccad6b434d777c8992ab41ffabdade3b06dd74"},
    {file = "marisa_trie-1.2.1-cp38-cp38-manylinux_2_17_x86_64.manylinux2014_x86_64.whl", hash = "sha256:da4e4facb79614cc4653cfd859f398e4db4ca9ab26270ff12610e50ed7f1f6c6"},
    {file = "marisa_trie-1.2.1-cp38-cp38-manylinux_2_5_i686.manylinux1_i686.manylinux_2_17_i686.manylinux2014_i686.whl", hash = "sha256:25688f34cac3bec01b4f655ffdd6c599a01f0bd596b4a79cf56c6f01a7df3560"},
    {file = "marisa_trie-1.2.1-cp38-cp38-musllinux_1_2_aarch64.whl", hash = "sha256:1db3213b451bf058d558f6e619bceff09d1d130214448a207c55e1526e2773a1"},
    {file = "marisa_trie-1.2.1-cp38-cp38-musllinux_1_2_i686.whl", hash = "sha256:d5648c6dcc5dc9200297fb779b1663b8a4467bda034a3c69bd9c32d8afb33b1d"},
    {file = "marisa_trie-1.2.1-cp38-cp38-musllinux_1_2_x86_64.whl", hash = "sha256:5bd39a4e1cc839a88acca2889d17ebc3f202a5039cd6059a13148ce75c8a6244"},
    {file = "marisa_trie-1.2.1-cp38-cp38-win32.whl", hash = "sha256:594f98491a96c7f1ffe13ce292cef1b4e63c028f0707effdea0f113364c1ae6c"},
    {file = "marisa_trie-1.2.1-cp38-cp38-win_amd64.whl", hash = "sha256:5fe5a286f997848a410eebe1c28657506adaeb405220ee1e16cfcfd10deb37f2"},
    {file = "marisa_trie-1.2.1-cp39-cp39-macosx_10_9_universal2.whl", hash = "sha256:c0fe2ace0cb1806badbd1c551a8ec2f8d4cf97bf044313c082ef1acfe631ddca"},
    {file = "marisa_trie-1.2.1-cp39-cp39-macosx_10_9_x86_64.whl", hash = "sha256:67f0c2ec82c20a02c16fc9ba81dee2586ef20270127c470cb1054767aa8ba310"},
    {file = "marisa_trie-1.2.1-cp39-cp39-macosx_11_0_arm64.whl", hash = "sha256:a3c98613180cf1730e221933ff74b454008161b1a82597e41054127719964188"},
    {file = "marisa_trie-1.2.1-cp39-cp39-manylinux_2_17_aarch64.manylinux2014_aarch64.whl", hash = "sha256:429858a0452a7bedcf67bc7bb34383d00f666c980cb75a31bcd31285fbdd4403"},
    {file = "marisa_trie-1.2.1-cp39-cp39-manylinux_2_17_x86_64.manylinux2014_x86_64.whl", hash = "sha256:b2eacb84446543082ec50f2fb563f1a94c96804d4057b7da8ed815958d0cdfbe"},
    {file = "marisa_trie-1.2.1-cp39-cp39-manylinux_2_5_i686.manylinux1_i686.manylinux_2_17_i686.manylinux2014_i686.whl", hash = "sha256:852d7bcf14b0c63404de26e7c4c8d5d65ecaeca935e93794331bc4e2f213660b"},
    {file = "marisa_trie-1.2.1-cp39-cp39-musllinux_1_2_aarch64.whl", hash = "sha256:e58788004adda24c401d1751331618ed20c507ffc23bfd28d7c0661a1cf0ad16"},
    {file = "marisa_trie-1.2.1-cp39-cp39-musllinux_1_2_i686.whl", hash = "sha256:aefe0973cc4698e0907289dc0517ab0c7cdb13d588201932ff567d08a50b0e2e"},
    {file = "marisa_trie-1.2.1-cp39-cp39-musllinux_1_2_x86_64.whl", hash = "sha256:6c50c861faad0a5c091bd763e0729f958c316e678dfa065d3984fbb9e4eacbcd"},
    {file = "marisa_trie-1.2.1-cp39-cp39-win32.whl", hash = "sha256:b1ce340da608530500ab4f963f12d6bfc8d8680900919a60dbdc9b78c02060a4"},
    {file = "marisa_trie-1.2.1-cp39-cp39-win_amd64.whl", hash = "sha256:ce37d8ca462bb64cc13f529b9ed92f7b21fe8d1f1679b62e29f9cb7d0e888b49"},
    {file = "marisa_trie-1.2.1.tar.gz", hash = "sha256:3a27c408e2aefc03e0f1d25b2ff2afb85aac3568f6fa2ae2a53b57a2e87ce29d"},
]

[package.dependencies]
setuptools = "*"

[package.extras]
test = ["hypothesis", "pytest", "readme-renderer"]

[[package]]
name = "packaging"
version = "24.2"
description = "Core utilities for Python packages"
optional = false
python-versions = ">=3.8"
files = [
    {file = "packaging-24.2-py3-none-any.whl", hash = "sha256:09abb1bccd265c01f4a3aa3f7a7db064b36514d2cba19a2f694fe6150451a759"},
    {file = "packaging-24.2.tar.gz", hash = "sha256:c228a6dc5e932d346bc5739379109d49e8853dd8223571c7c5b55260edc0b97f"},
]

[[package]]
name = "pluggy"
version = "1.5.0"
description = "plugin and hook calling mechanisms for python"
optional = false
python-versions = ">=3.8"
files = [
    {file = "pluggy-1.5.0-py3-none-any.whl", hash = "sha256:44e1ad92c8ca002de6377e165f3e0f1be63266ab4d554740532335b9d75ea669"},
    {file = "pluggy-1.5.0.tar.gz", hash = "sha256:2cffa88e94fdc978c4c574f15f9e59b7f4201d439195c3715ca9e2486f1d0cf1"},
]

[package.extras]
dev = ["pre-commit", "tox"]
testing = ["pytest", "pytest-benchmark"]

[[package]]
name = "pymp4"
version = "1.4.0"
description = "Python parser for MP4 boxes"
optional = false
python-versions = ">=3.7,<4.0"
files = [
    {file = "pymp4-1.4.0-py3-none-any.whl", hash = "sha256:3401666c1e2a97ac94dffb18c5a5dcbd46d0a436da5272d378a6f9f6506dd12d"},
    {file = "pymp4-1.4.0.tar.gz", hash = "sha256:bc9e77732a8a143d34c38aa862a54180716246938e4bf3e07585d19252b77bb5"},
]

[package.dependencies]
construct = "2.8.8"

[[package]]
name = "pytest"
version = "7.4.4"
description = "pytest: simple powerful testing with Python"
optional = false
python-versions = ">=3.7"
files = [
    {file = "pytest-7.4.4-py3-none-any.whl", hash = "sha256:b090cdf5ed60bf4c45261be03239c2c1c22df034fbffe691abe93cd80cea01d8"},
    {file = "pytest-7.4.4.tar.gz", hash = "sha256:2cf0005922c6ace4a3e2ec8b4080eb0d9753fdc93107415332f50ce9e7994280"},
]

[package.dependencies]
colorama = {version = "*", markers = "sys_platform == \"win32\""}
exceptiongroup = {version = ">=1.0.0rc8", markers = "python_version < \"3.11\""}
iniconfig = "*"
packaging = "*"
pluggy = ">=0.12,<2.0"
tomli = {version = ">=1.0.0", markers = "python_version < \"3.11\""}

[package.extras]
testing = ["argcomplete", "attrs (>=19.2.0)", "hypothesis (>=3.56)", "mock", "nose", "pygments (>=2.7.2)", "requests", "setuptools", "xmlschema"]

[[package]]
name = "setuptools"
version = "75.3.0"
description = "Easily download, build, install, upgrade, and uninstall Python packages"
optional = false
python-versions = ">=3.8"
files = [
    {file = "setuptools-75.3.0-py3-none-any.whl", hash = "sha256:f2504966861356aa38616760c0f66568e535562374995367b4e69c7143cf6bcd"},
    {file = "setuptools-75.3.0.tar.gz", hash = "sha256:fba5dd4d766e97be1b1681d98712680ae8f2f26d7881245f2ce9e40714f1a686"},
]

[package.extras]
check = ["pytest-checkdocs (>=2.4)", "pytest-ruff (>=0.2.1)", "ruff (>=0.5.2)"]
core = ["importlib-metadata (>=6)", "importlib-resources (>=5.10.2)", "jaraco.collections", "jaraco.functools", "jaraco.text (>=3.7)", "more-itertools", "more-itertools (>=8.8)", "packaging", "packaging (>=24)", "platformdirs (>=4.2.2)", "tomli (>=2.0.1)", "wheel (>=0.43.0)"]
cover = ["pytest-cov"]
doc = ["furo", "jaraco.packaging (>=9.3)", "jaraco.tidelift (>=1.4)", "pygments-github-lexers (==0.0.5)", "pyproject-hooks (!=1.1)", "rst.linker (>=1.9)", "sphinx (>=3.5)", "sphinx-favicon", "sphinx-inline-tabs", "sphinx-lint", "sphinx-notfound-page (>=1,<2)", "sphinx-reredirects", "sphinxcontrib-towncrier", "towncrier (<24.7)"]
enabler = ["pytest-enabler (>=2.2)"]
test = ["build[virtualenv] (>=1.0.3)", "filelock (>=3.4.0)", "ini2toml[lite] (>=0.14)", "jaraco.develop (>=7.21)", "jaraco.envs (>=2.2)", "jaraco.path (>=3.2.0)", "jaraco.test (>=5.5)", "packaging (>=23.2)", "pip (>=19.1)", "pyproject-hooks (!=1.1)", "pytest (>=6,!=8.1.*)", "pytest-home (>=0.5)", "pytest-perf", "pytest-subprocess", "pytest-timeout", "pytest-xdist (>=3)", "tomli-w (>=1.0.0)", "virtualenv (>=13.0.0)", "wheel (>=0.44.0)"]
type = ["importlib-metadata (>=7.0.2)", "jaraco.develop (>=7.21)", "mypy (==1.12.*)", "pytest-mypy"]

[[package]]
name = "soupsieve"
version = "2.6"
description = "A modern CSS selector implementation for Beautiful Soup."
optional = false
python-versions = ">=3.8"
files = [
    {file = "soupsieve-2.6-py3-none-any.whl", hash = "sha256:e72c4ff06e4fb6e4b5a9f0f55fe6e81514581fca1515028625d0f299c602ccc9"},
    {file = "soupsieve-2.6.tar.gz", hash = "sha256:e2e68417777af359ec65daac1057404a3c8a5455bb8abc36f1a9866ab1a51abb"},
]

[[package]]
name = "srt"
version = "3.5.3"
description = "A tiny library for parsing, modifying, and composing SRT files."
optional = false
python-versions = ">=2.7"
files = [
    {file = "srt-3.5.3.tar.gz", hash = "sha256:4884315043a4f0740fd1f878ed6caa376ac06d70e135f306a6dc44632eed0cc0"},
]

[[package]]
name = "tinycss"
version = "0.4"
description = "tinycss is a complete yet simple CSS parser for Python."
optional = false
python-versions = "*"
files = [
    {file = "tinycss-0.4.tar.gz", hash = "sha256:12306fb50e5e9e7eaeef84b802ed877488ba80e35c672867f548c0924a76716e"},
]

[package.extras]
test = ["pytest-cov", "pytest-flake8", "pytest-isort", "pytest-runner"]

[[package]]
name = "tomli"
version = "2.2.1"
description = "A lil' TOML parser"
optional = false
python-versions = ">=3.8"
files = [
    {file = "tomli-2.2.1-cp311-cp311-macosx_10_9_x86_64.whl", hash = "sha256:678e4fa69e4575eb77d103de3df8a895e1591b48e740211bd1067378c69e8249"},
    {file = "tomli-2.2.1-cp311-cp311-macosx_11_0_arm64.whl", hash = "sha256:023aa114dd824ade0100497eb2318602af309e5a55595f76b626d6d9f3b7b0a6"},
    {file = "tomli-2.2.1-cp311-cp311-manylinux_2_17_aarch64.manylinux2014_aarch64.whl", hash = "sha256:ece47d672db52ac607a3d9599a9d48dcb2f2f735c6c2d1f34130085bb12b112a"},
    {file = "tomli-2.2.1-cp311-cp311-manylinux_2_17_x86_64.manylinux2014_x86_64.whl", hash = "sha256:6972ca9c9cc9f0acaa56a8ca1ff51e7af152a9f87fb64623e31d5c83700080ee"},
    {file = "tomli-2.2.1-cp311-cp311-manylinux_2_5_i686.manylinux1_i686.manylinux_2_17_i686.manylinux2014_i686.whl", hash = "sha256:c954d2250168d28797dd4e3ac5cf812a406cd5a92674ee4c8f123c889786aa8e"},
    {file = "tomli-2.2.1-cp311-cp311-musllinux_1_2_aarch64.whl", hash = "sha256:8dd28b3e155b80f4d54beb40a441d366adcfe740969820caf156c019fb5c7ec4"},
    {file = "tomli-2.2.1-cp311-cp311-musllinux_1_2_i686.whl", hash = "sha256:e59e304978767a54663af13c07b3d1af22ddee3bb2fb0618ca1593e4f593a106"},
    {file = "tomli-2.2.1-cp311-cp311-musllinux_1_2_x86_64.whl", hash = "sha256:33580bccab0338d00994d7f16f4c4ec25b776af3ffaac1ed74e0b3fc95e885a8"},
    {file = "tomli-2.2.1-cp311-cp311-win32.whl", hash = "sha256:465af0e0875402f1d226519c9904f37254b3045fc5084697cefb9bdde1ff99ff"},
    {file = "tomli-2.2.1-cp311-cp311-win_amd64.whl", hash = "sha256:2d0f2fdd22b02c6d81637a3c95f8cd77f995846af7414c5c4b8d0545afa1bc4b"},
    {file = "tomli-2.2.1-cp312-cp312-macosx_10_13_x86_64.whl", hash = "sha256:4a8f6e44de52d5e6c657c9fe83b562f5f4256d8ebbfe4ff922c495620a7f6cea"},
    {file = "tomli-2.2.1-cp312-cp312-macosx_11_0_arm64.whl", hash = "sha256:8d57ca8095a641b8237d5b079147646153d22552f1c637fd3ba7f4b0b29167a8"},
    {file = "tomli-2.2.1-cp312-cp312-manylinux_2_17_aarch64.manylinux2014_aarch64.whl", hash = "sha256:4e340144ad7ae1533cb897d406382b4b6fede8890a03738ff1683af800d54192"},
    {file = "tomli-2.2.1-cp312-cp312-manylinux_2_17_x86_64.manylinux2014_x86_64.whl", hash = "sha256:db2b95f9de79181805df90bedc5a5ab4c165e6ec3fe99f970d0e302f384ad222"},
    {file = "tomli-2.2.1-cp312-cp312-manylinux_2_5_i686.manylinux1_i686.manylinux_2_17_i686.manylinux2014_i686.whl", hash = "sha256:40741994320b232529c802f8bc86da4e1aa9f413db394617b9a256ae0f9a7f77"},
    {file = "tomli-2.2.1-cp312-cp312-musllinux_1_2_aarch64.whl", hash = "sha256:400e720fe168c0f8521520190686ef8ef033fb19fc493da09779e592861b78c6"},
    {file = "tomli-2.2.1-cp312-cp312-musllinux_1_2_i686.whl", hash = "sha256:02abe224de6ae62c19f090f68da4e27b10af2b93213d36cf44e6e1c5abd19fdd"},
    {file = "tomli-2.2.1-cp312-cp312-musllinux_1_2_x86_64.whl", hash = "sha256:b82ebccc8c8a36f2094e969560a1b836758481f3dc360ce9a3277c65f374285e"},
    {file = "tomli-2.2.1-cp312-cp312-win32.whl", hash = "sha256:889f80ef92701b9dbb224e49ec87c645ce5df3fa2cc548664eb8a25e03127a98"},
    {file = "tomli-2.2.1-cp312-cp312-win_amd64.whl", hash = "sha256:7fc04e92e1d624a4a63c76474610238576942d6b8950a2d7f908a340494e67e4"},
    {file = "tomli-2.2.1-cp313-cp313-macosx_10_13_x86_64.whl", hash = "sha256:f4039b9cbc3048b2416cc57ab3bda989a6fcf9b36cf8937f01a6e731b64f80d7"},
    {file = "tomli-2.2.1-cp313-cp313-macosx_11_0_arm64.whl", hash = "sha256:286f0ca2ffeeb5b9bd4fcc8d6c330534323ec51b2f52da063b11c502da16f30c"},
    {file = "tomli-2.2.1-cp313-cp313-manylinux_2_17_aarch64.manylinux2014_aarch64.whl", hash = "sha256:a92ef1a44547e894e2a17d24e7557a5e85a9e1d0048b0b5e7541f76c5032cb13"},
    {file = "tomli-2.2.1-cp313-cp313-manylinux_2_17_x86_64.manylinux2014_x86_64.whl", hash = "sha256:9316dc65bed1684c9a98ee68759ceaed29d229e985297003e494aa825ebb0281"},
    {file = "tomli-2.2.1-cp313-cp313-manylinux_2_5_i686.manylinux1_i686.manylinux_2_17_i686.manylinux2014_i686.whl", hash = "sha256:e85e99945e688e32d5a35c1ff38ed0b3f41f43fad8df0bdf79f72b2ba7bc5272"},
    {file = "tomli-2.2.1-cp313-cp313-musllinux_1_2_aarch64.whl", hash = "sha256:ac065718db92ca818f8d6141b5f66369833d4a80a9d74435a268c52bdfa73140"},
    {file = "tomli-2.2.1-cp313-cp313-musllinux_1_2_i686.whl", hash = "sha256:d920f33822747519673ee656a4b6ac33e382eca9d331c87770faa3eef562aeb2"},
    {file = "tomli-2.2.1-cp313-cp313-musllinux_1_2_x86_64.whl", hash = "sha256:a198f10c4d1b1375d7687bc25294306e551bf1abfa4eace6650070a5c1ae2744"},
    {file = "tomli-2.2.1-cp313-cp313-win32.whl", hash = "sha256:d3f5614314d758649ab2ab3a62d4f2004c825922f9e370b29416484086b264ec"},
    {file = "tomli-2.2.1-cp313-cp313-win_amd64.whl", hash = "sha256:a38aa0308e754b0e3c67e344754dff64999ff9b513e691d0e786265c93583c69"},
    {file = "tomli-2.2.1-py3-none-any.whl", hash = "sha256:cb55c73c5f4408779d0cf3eef9f762b9c9f147a77de7b258bef0a5628adc85cc"},
    {file = "tomli-2.2.1.tar.gz", hash = "sha256:cd45e1dc79c835ce60f7404ec8119f2eb06d38b1deba146f07ced3bbc44505ff"},
]

[[package]]
name = "typing-extensions"
version = "4.12.2"
description = "Backported and Experimental Type Hints for Python 3.8+"
optional = false
python-versions = ">=3.8"
files = [
    {file = "typing_extensions-4.12.2-py3-none-any.whl", hash = "sha256:04e5ca0351e0f3f85c6853954072df659d0d13fac324d0072316b67d7794700d"},
    {file = "typing_extensions-4.12.2.tar.gz", hash = "sha256:1a7ead55c7e559dd4dee8856e3a88b41225abfe1ce8df57b7c13915fe121ffb8"},
]

[metadata]
lock-version = "2.0"
python-versions = "^3.8"
content-hash = "d1dc09a1492c59373465886d52b572d761f7e370239ae93c63a7c88f4a69c47f"
